
Microsoft Visual Studio Solution File, Format Version 12.00
# Visual Studio 2012
Project("{FAE04EC0-301F-11D3-BF4B-00C04F79EFBC}") = "Combinatorics", "Combinatorics\Combinatorics.csproj", "{F98C6427-7607-4D27-ABC8-F4054C7C56E1}"
EndProject
Project("{FAE04EC0-301F-11D3-BF4B-00C04F79EFBC}") = "CombPermTest", "CombPermTest\CombPermTest.csproj", "{EA53F8F5-94DC-4E65-ABF7-06446453C486}"
EndProject
Global
	GlobalSection(SolutionConfigurationPlatforms) = preSolution
		Debug|Any CPU = Debug|Any CPU
		Release|Any CPU = Release|Any CPU
	EndGlobalSection
	GlobalSection(ProjectConfigurationPlatforms) = postSolution
		{F98C6427-7607-4D27-ABC8-F4054C7C56E1}.Debug|Any CPU.ActiveCfg = Debug|Any CPU
		{F98C6427-7607-4D27-ABC8-F4054C7C56E1}.Debug|Any CPU.Build.0 = Debug|Any CPU
		{F98C6427-7607-4D27-ABC8-F4054C7C56E1}.Release|Any CPU.ActiveCfg = Release|Any CPU
		{F98C6427-7607-4D27-ABC8-F4054C7C56E1}.Release|Any CPU.Build.0 = Release|Any CPU
		{EA53F8F5-94DC-4E65-ABF7-06446453C486}.Debug|Any CPU.ActiveCfg = Debug|Any CPU
		{EA53F8F5-94DC-4E65-ABF7-06446453C486}.Debug|Any CPU.Build.0 = Debug|Any CPU
		{EA53F8F5-94DC-4E65-ABF7-06446453C486}.Release|Any CPU.ActiveCfg = Release|Any CPU
		{EA53F8F5-94DC-4E65-ABF7-06446453C486}.Release|Any CPU.Build.0 = Release|Any CPU
	EndGlobalSection
	GlobalSection(SolutionProperties) = preSolution
		HideSolutionNode = FALSE
	EndGlobalSection
EndGlobal
